// !$*UTF8*$!
{
	archiveVersion = 1;
	classes = {
	};
	objectVersion = 55;
	objects = {

/* Begin PBXBuildFile section */
		CDA7B1C5286CAF1700ACAC53 /* AppDelegate.swift in Sources */ = {isa = PBXBuildFile; fileRef = CDA7B1C4286CAF1700ACAC53 /* AppDelegate.swift */; };
		CDA7B1C7286CAF1700ACAC53 /* SceneDelegate.swift in Sources */ = {isa = PBXBuildFile; fileRef = CDA7B1C6286CAF1700ACAC53 /* SceneDelegate.swift */; };
		CDA7B1C9286CAF1700ACAC53 /* ViewController.swift in Sources */ = {isa = PBXBuildFile; fileRef = CDA7B1C8286CAF1700ACAC53 /* ViewController.swift */; };
		CDA7B1CC286CAF1700ACAC53 /* Main.storyboard in Resources */ = {isa = PBXBuildFile; fileRef = CDA7B1CA286CAF1700ACAC53 /* Main.storyboard */; };
		CDA7B1CE286CAF1800ACAC53 /* Assets.xcassets in Resources */ = {isa = PBXBuildFile; fileRef = CDA7B1CD286CAF1800ACAC53 /* Assets.xcassets */; };
		CDA7B1D1286CAF1800ACAC53 /* LaunchScreen.storyboard in Resources */ = {isa = PBXBuildFile; fileRef = CDA7B1CF286CAF1800ACAC53 /* LaunchScreen.storyboard */; };
		CDA7B1DC286CB19900ACAC53 /* ApodManager.swift in Sources */ = {isa = PBXBuildFile; fileRef = CDA7B1DB286CB19900ACAC53 /* ApodManager.swift */; };
		CDA7B1DE286CC2A700ACAC53 /* Keys.plist in Resources */ = {isa = PBXBuildFile; fileRef = CDA7B1DD286CC2A700ACAC53 /* Keys.plist */; };
		CDA7B1E0286CC80A00ACAC53 /* ApodData.swift in Sources */ = {isa = PBXBuildFile; fileRef = CDA7B1DF286CC80A00ACAC53 /* ApodData.swift */; };
		CDA7B1E2286CC84800ACAC53 /* ApodModel.swift in Sources */ = {isa = PBXBuildFile; fileRef = CDA7B1E1286CC84800ACAC53 /* ApodModel.swift */; };
/* End PBXBuildFile section */

/* Begin PBXFileReference section */
		CDA7B1C1286CAF1700ACAC53 /* apod.app */ = {isa = PBXFileReference; explicitFileType = wrapper.application; includeInIndex = 0; path = apod.app; sourceTree = BUILT_PRODUCTS_DIR; };
		CDA7B1C4286CAF1700ACAC53 /* AppDelegate.swift */ = {isa = PBXFileReference; lastKnownFileType = sourcecode.swift; path = AppDelegate.swift; sourceTree = "<group>"; };
		CDA7B1C6286CAF1700ACAC53 /* SceneDelegate.swift */ = {isa = PBXFileReference; lastKnownFileType = sourcecode.swift; path = SceneDelegate.swift; sourceTree = "<group>"; };
		CDA7B1C8286CAF1700ACAC53 /* ViewController.swift */ = {isa = PBXFileReference; lastKnownFileType = sourcecode.swift; path = ViewController.swift; sourceTree = "<group>"; };
		CDA7B1CB286CAF1700ACAC53 /* Base */ = {isa = PBXFileReference; lastKnownFileType = file.storyboard; name = Base; path = Base.lproj/Main.storyboard; sourceTree = "<group>"; };
		CDA7B1CD286CAF1800ACAC53 /* Assets.xcassets */ = {isa = PBXFileReference; lastKnownFileType = folder.assetcatalog; path = Assets.xcassets; sourceTree = "<group>"; };
		CDA7B1D0286CAF1800ACAC53 /* Base */ = {isa = PBXFileReference; lastKnownFileType = file.storyboard; name = Base; path = Base.lproj/LaunchScreen.storyboard; sourceTree = "<group>"; };
		CDA7B1D2286CAF1800ACAC53 /* Info.plist */ = {isa = PBXFileReference; lastKnownFileType = text.plist.xml; path = Info.plist; sourceTree = "<group>"; };
		CDA7B1DB286CB19900ACAC53 /* ApodManager.swift */ = {isa = PBXFileReference; lastKnownFileType = sourcecode.swift; path = ApodManager.swift; sourceTree = "<group>"; };
		CDA7B1DD286CC2A700ACAC53 /* Keys.plist */ = {isa = PBXFileReference; lastKnownFileType = text.plist.xml; path = Keys.plist; sourceTree = "<group>"; };
		CDA7B1DF286CC80A00ACAC53 /* ApodData.swift */ = {isa = PBXFileReference; lastKnownFileType = sourcecode.swift; path = ApodData.swift; sourceTree = "<group>"; };
		CDA7B1E1286CC84800ACAC53 /* ApodModel.swift */ = {isa = PBXFileReference; lastKnownFileType = sourcecode.swift; path = ApodModel.swift; sourceTree = "<group>"; };
/* End PBXFileReference section */

/* Begin PBXFrameworksBuildPhase section */
		CDA7B1BE286CAF1700ACAC53 /* Frameworks */ = {
			isa = PBXFrameworksBuildPhase;
			buildActionMask = 2147483647;
			files = (
			);
			runOnlyForDeploymentPostprocessing = 0;
		};
/* End PBXFrameworksBuildPhase section */

/* Begin PBXGroup section */
		CDA7B1B8286CAF1700ACAC53 = {
			isa = PBXGroup;
			children = (
				CDA7B1C3286CAF1700ACAC53 /* apod */,
				CDA7B1C2286CAF1700ACAC53 /* Products */,
			);
			sourceTree = "<group>";
		};
		CDA7B1C2286CAF1700ACAC53 /* Products */ = {
			isa = PBXGroup;
			children = (
				CDA7B1C1286CAF1700ACAC53 /* apod.app */,
			);
			name = Products;
			sourceTree = "<group>";
		};
		CDA7B1C3286CAF1700ACAC53 /* apod */ = {
			isa = PBXGroup;
			children = (
				CDA7B1C4286CAF1700ACAC53 /* AppDelegate.swift */,
				CDA7B1C6286CAF1700ACAC53 /* SceneDelegate.swift */,
				CDA7B1D9286CB0F300ACAC53 /* Model */,
				CDA7B1D8286CB0DE00ACAC53 /* View */,
				CDA7B1DA286CB0FD00ACAC53 /* Controller */,
				CDA7B1CD286CAF1800ACAC53 /* Assets.xcassets */,
				CDA7B1CF286CAF1800ACAC53 /* LaunchScreen.storyboard */,
				CDA7B1D2286CAF1800ACAC53 /* Info.plist */,
				CDA7B1DD286CC2A700ACAC53 /* Keys.plist */,
			);
			path = apod;
			sourceTree = "<group>";
		};
		CDA7B1D8286CB0DE00ACAC53 /* View */ = {
			isa = PBXGroup;
			children = (
				CDA7B1CA286CAF1700ACAC53 /* Main.storyboard */,
			);
			path = View;
			sourceTree = "<group>";
		};
		CDA7B1D9286CB0F300ACAC53 /* Model */ = {
			isa = PBXGroup;
			children = (
				CDA7B1DB286CB19900ACAC53 /* ApodManager.swift */,
				CDA7B1DF286CC80A00ACAC53 /* ApodData.swift */,
				CDA7B1E1286CC84800ACAC53 /* ApodModel.swift */,
			);
			path = Model;
			sourceTree = "<group>";
		};
		CDA7B1DA286CB0FD00ACAC53 /* Controller */ = {
			isa = PBXGroup;
			children = (
				CDA7B1C8286CAF1700ACAC53 /* ViewController.swift */,
			);
			path = Controller;
			sourceTree = "<group>";
		};
/* End PBXGroup section */

/* Begin PBXNativeTarget section */
		CDA7B1C0286CAF1700ACAC53 /* apod */ = {
			isa = PBXNativeTarget;
			buildConfigurationList = CDA7B1D5286CAF1800ACAC53 /* Build configuration list for PBXNativeTarget "apod" */;
			buildPhases = (
				CDA7B1BD286CAF1700ACAC53 /* Sources */,
				CDA7B1BE286CAF1700ACAC53 /* Frameworks */,
				CDA7B1BF286CAF1700ACAC53 /* Resources */,
			);
			buildRules = (
			);
			dependencies = (
			);
			name = apod;
			productName = cosmos;
			productReference = CDA7B1C1286CAF1700ACAC53 /* apod.app */;
			productType = "com.apple.product-type.application";
		};
/* End PBXNativeTarget section */

/* Begin PBXProject section */
		CDA7B1B9286CAF1700ACAC53 /* Project object */ = {
			isa = PBXProject;
			attributes = {
				BuildIndependentTargetsInParallel = 1;
				LastSwiftUpdateCheck = 1330;
				LastUpgradeCheck = 1330;
				TargetAttributes = {
					CDA7B1C0286CAF1700ACAC53 = {
						CreatedOnToolsVersion = 13.3;
					};
				};
			};
			buildConfigurationList = CDA7B1BC286CAF1700ACAC53 /* Build configuration list for PBXProject "apod" */;
			compatibilityVersion = "Xcode 13.0";
			developmentRegion = en;
			hasScannedForEncodings = 0;
			knownRegions = (
				en,
				Base,
			);
			mainGroup = CDA7B1B8286CAF1700ACAC53;
			productRefGroup = CDA7B1C2286CAF1700ACAC53 /* Products */;
			projectDirPath = "";
			projectRoot = "";
			targets = (
				CDA7B1C0286CAF1700ACAC53 /* apod */,
			);
		};
/* End PBXProject section */

/* Begin PBXResourcesBuildPhase section */
		CDA7B1BF286CAF1700ACAC53 /* Resources */ = {
			isa = PBXResourcesBuildPhase;
			buildActionMask = 2147483647;
			files = (
				CDA7B1DE286CC2A700ACAC53 /* Keys.plist in Resources */,
				CDA7B1D1286CAF1800ACAC53 /* LaunchScreen.storyboard in Resources */,
				CDA7B1CE286CAF1800ACAC53 /* Assets.xcassets in Resources */,
				CDA7B1CC286CAF1700ACAC53 /* Main.storyboard in Resources */,
			);
			runOnlyForDeploymentPostprocessing = 0;
		};
/* End PBXResourcesBuildPhase section */

/* Begin PBXSourcesBuildPhase section */
		CDA7B1BD286CAF1700ACAC53 /* Sources */ = {
			isa = PBXSourcesBuildPhase;
			buildActionMask = 2147483647;
			files = (
				CDA7B1DC286CB19900ACAC53 /* ApodManager.swift in Sources */,
				CDA7B1C9286CAF1700ACAC53 /* ViewController.swift in Sources */,
				CDA7B1C5286CAF1700ACAC53 /* AppDelegate.swift in Sources */,
				CDA7B1E2286CC84800ACAC53 /* ApodModel.swift in Sources */,
				CDA7B1C7286CAF1700ACAC53 /* SceneDelegate.swift in Sources */,
				CDA7B1E0286CC80A00ACAC53 /* ApodData.swift in Sources */,
			);
			runOnlyForDeploymentPostprocessing = 0;
		};
/* End PBXSourcesBuildPhase section */

/* Begin PBXVariantGroup section */
		CDA7B1CA286CAF1700ACAC53 /* Main.storyboard */ = {
			isa = PBXVariantGroup;
			children = (
				CDA7B1CB286CAF1700ACAC53 /* Base */,
			);
			name = Main.storyboard;
			sourceTree = "<group>";
		};
		CDA7B1CF286CAF1800ACAC53 /* LaunchScreen.storyboard */ = {
			isa = PBXVariantGroup;
			children = (
				CDA7B1D0286CAF1800ACAC53 /* Base */,
			);
			name = LaunchScreen.storyboard;
			sourceTree = "<group>";
		};
/* End PBXVariantGroup section */

/* Begin XCBuildConfiguration section */
		CDA7B1D3286CAF1800ACAC53 /* Debug */ = {
			isa = XCBuildConfiguration;
			buildSettings = {
				ALWAYS_SEARCH_USER_PATHS = NO;
				CLANG_ANALYZER_NONNULL = YES;
				CLANG_ANALYZER_NUMBER_OBJECT_CONVERSION = YES_AGGRESSIVE;
				CLANG_CXX_LANGUAGE_STANDARD = "gnu++17";
				CLANG_ENABLE_MODULES = YES;
				CLANG_ENABLE_OBJC_ARC = YES;
				CLANG_ENABLE_OBJC_WEAK = YES;
				CLANG_WARN_BLOCK_CAPTURE_AUTORELEASING = YES;
				CLANG_WARN_BOOL_CONVERSION = YES;
				CLANG_WARN_COMMA = YES;
				CLANG_WARN_CONSTANT_CONVERSION = YES;
				CLANG_WARN_DEPRECATED_OBJC_IMPLEMENTATIONS = YES;
				CLANG_WARN_DIRECT_OBJC_ISA_USAGE = YES_ERROR;
				CLANG_WARN_DOCUMENTATION_COMMENTS = YES;
				CLANG_WARN_EMPTY_BODY = YES;
				CLANG_WARN_ENUM_CONVERSION = YES;
				CLANG_WARN_INFINITE_RECURSION = YES;
				CLANG_WARN_INT_CONVERSION = YES;
				CLANG_WARN_NON_LITERAL_NULL_CONVERSION = YES;
				CLANG_WARN_OBJC_IMPLICIT_RETAIN_SELF = YES;
				CLANG_WARN_OBJC_LITERAL_CONVERSION = YES;
				CLANG_WARN_OBJC_ROOT_CLASS = YES_ERROR;
				CLANG_WARN_QUOTED_INCLUDE_IN_FRAMEWORK_HEADER = YES;
				CLANG_WARN_RANGE_LOOP_ANALYSIS = YES;
				CLANG_WARN_STRICT_PROTOTYPES = YES;
				CLANG_WARN_SUSPICIOUS_MOVE = YES;
				CLANG_WARN_UNGUARDED_AVAILABILITY = YES_AGGRESSIVE;
				CLANG_WARN_UNREACHABLE_CODE = YES;
				CLANG_WARN__DUPLICATE_METHOD_MATCH = YES;
				COPY_PHASE_STRIP = NO;
				DEBUG_INFORMATION_FORMAT = dwarf;
				ENABLE_STRICT_OBJC_MSGSEND = YES;
				ENABLE_TESTABILITY = YES;
				GCC_C_LANGUAGE_STANDARD = gnu11;
				GCC_DYNAMIC_NO_PIC = NO;
				GCC_NO_COMMON_BLOCKS = YES;
				GCC_OPTIMIZATION_LEVEL = 0;
				GCC_PREPROCESSOR_DEFINITIONS = (
					"DEBUG=1",
					"$(inherited)",
				);
				GCC_WARN_64_TO_32_BIT_CONVERSION = YES;
				GCC_WARN_ABOUT_RETURN_TYPE = YES_ERROR;
				GCC_WARN_UNDECLARED_SELECTOR = YES;
				GCC_WARN_UNINITIALIZED_AUTOS = YES_AGGRESSIVE;
				GCC_WARN_UNUSED_FUNCTION = YES;
				GCC_WARN_UNUSED_VARIABLE = YES;
				IPHONEOS_DEPLOYMENT_TARGET = 11.0;
				MTL_ENABLE_DEBUG_INFO = INCLUDE_SOURCE;
				MTL_FAST_MATH = YES;
				ONLY_ACTIVE_ARCH = YES;
				SDKROOT = iphoneos;
				SWIFT_ACTIVE_COMPILATION_CONDITIONS = DEBUG;
				SWIFT_OPTIMIZATION_LEVEL = "-Onone";
			};
			name = Debug;
		};
		CDA7B1D4286CAF1800ACAC53 /* Release */ = {
			isa = XCBuildConfiguration;
			buildSettings = {
				ALWAYS_SEARCH_USER_PATHS = NO;
				CLANG_ANALYZER_NONNULL = YES;
				CLANG_ANALYZER_NUMBER_OBJECT_CONVERSION = YES_AGGRESSIVE;
				CLANG_CXX_LANGUAGE_STANDARD = "gnu++17";
				CLANG_ENABLE_MODULES = YES;
				CLANG_ENABLE_OBJC_ARC = YES;
				CLANG_ENABLE_OBJC_WEAK = YES;
				CLANG_WARN_BLOCK_CAPTURE_AUTORELEASING = YES;
				CLANG_WARN_BOOL_CONVERSION = YES;
				CLANG_WARN_COMMA = YES;
				CLANG_WARN_CONSTANT_CONVERSION = YES;
				CLANG_WARN_DEPRECATED_OBJC_IMPLEMENTATIONS = YES;
				CLANG_WARN_DIRECT_OBJC_ISA_USAGE = YES_ERROR;
				CLANG_WARN_DOCUMENTATION_COMMENTS = YES;
				CLANG_WARN_EMPTY_BODY = YES;
				CLANG_WARN_ENUM_CONVERSION = YES;
				CLANG_WARN_INFINITE_RECURSION = YES;
				CLANG_WARN_INT_CONVERSION = YES;
				CLANG_WARN_NON_LITERAL_NULL_CONVERSION = YES;
				CLANG_WARN_OBJC_IMPLICIT_RETAIN_SELF = YES;
				CLANG_WARN_OBJC_LITERAL_CONVERSION = YES;
				CLANG_WARN_OBJC_ROOT_CLASS = YES_ERROR;
				CLANG_WARN_QUOTED_INCLUDE_IN_FRAMEWORK_HEADER = YES;
				CLANG_WARN_RANGE_LOOP_ANALYSIS = YES;
				CLANG_WARN_STRICT_PROTOTYPES = YES;
				CLANG_WARN_SUSPICIOUS_MOVE = YES;
				CLANG_WARN_UNGUARDED_AVAILABILITY = YES_AGGRESSIVE;
				CLANG_WARN_UNREACHABLE_CODE = YES;
				CLANG_WARN__DUPLICATE_METHOD_MATCH = YES;
				COPY_PHASE_STRIP = NO;
				DEBUG_INFORMATION_FORMAT = "dwarf-with-dsym";
				ENABLE_NS_ASSERTIONS = NO;
				ENABLE_STRICT_OBJC_MSGSEND = YES;
				GCC_C_LANGUAGE_STANDARD = gnu11;
				GCC_NO_COMMON_BLOCKS = YES;
				GCC_WARN_64_TO_32_BIT_CONVERSION = YES;
				GCC_WARN_ABOUT_RETURN_TYPE = YES_ERROR;
				GCC_WARN_UNDECLARED_SELECTOR = YES;
				GCC_WARN_UNINITIALIZED_AUTOS = YES_AGGRESSIVE;
				GCC_WARN_UNUSED_FUNCTION = YES;
				GCC_WARN_UNUSED_VARIABLE = YES;
				IPHONEOS_DEPLOYMENT_TARGET = 11.0;
				MTL_ENABLE_DEBUG_INFO = NO;
				MTL_FAST_MATH = YES;
				SDKROOT = iphoneos;
				SWIFT_COMPILATION_MODE = wholemodule;
				SWIFT_OPTIMIZATION_LEVEL = "-O";
				VALIDATE_PRODUCT = YES;
			};
			name = Release;
		};
		CDA7B1D6286CAF1800ACAC53 /* Debug */ = {
			isa = XCBuildConfiguration;
			buildSettings = {
				ASSETCATALOG_COMPILER_APPICON_NAME = AppIcon;
				ASSETCATALOG_COMPILER_GLOBAL_ACCENT_COLOR_NAME = AccentColor;
				CODE_SIGN_STYLE = Automatic;
				CURRENT_PROJECT_VERSION = 1;
				GENERATE_INFOPLIST_FILE = YES;
				INFOPLIST_FILE = apod/Info.plist;
				INFOPLIST_KEY_UIApplicationSupportsIndirectInputEvents = YES;
				INFOPLIST_KEY_UILaunchStoryboardName = LaunchScreen;
				INFOPLIST_KEY_UIMainStoryboardFile = Main;
				INFOPLIST_KEY_UISupportedInterfaceOrientations_iPad = "UIInterfaceOrientationPortrait UIInterfaceOrientationPortraitUpsideDown UIInterfaceOrientationLandscapeLeft UIInterfaceOrientationLandscapeRight";
				INFOPLIST_KEY_UISupportedInterfaceOrientations_iPhone = "UIInterfaceOrientationPortrait UIInterfaceOrientationLandscapeLeft UIInterfaceOrientationLandscapeRight";
				LD_RUNPATH_SEARCH_PATHS = (
					"$(inherited)",
					"@executable_path/Frameworks",
				);
				MARKETING_VERSION = 1.0;
				PRODUCT_BUNDLE_IDENTIFIER = com.sardana.apod;
				PRODUCT_NAME = "$(TARGET_NAME)";
				SWIFT_EMIT_LOC_STRINGS = YES;
				SWIFT_VERSION = 5.0;
				TARGETED_DEVICE_FAMILY = "1,2";
			};
			name = Debug;
		};
		CDA7B1D7286CAF1800ACAC53 /* Release */ = {
			isa = XCBuildConfiguration;
			buildSettings = {
				ASSETCATALOG_COMPILER_APPICON_NAME = AppIcon;
				ASSETCATALOG_COMPILER_GLOBAL_ACCENT_COLOR_NAME = AccentColor;
				CODE_SIGN_STYLE = Automatic;
				CURRENT_PROJECT_VERSION = 1;
				GENERATE_INFOPLIST_FILE = YES;
				INFOPLIST_FILE = apod/Info.plist;
				INFOPLIST_KEY_UIApplicationSupportsIndirectInputEvents = YES;
				INFOPLIST_KEY_UILaunchStoryboardName = LaunchScreen;
				INFOPLIST_KEY_UIMainStoryboardFile = Main;
				INFOPLIST_KEY_UISupportedInterfaceOrientations_iPad = "UIInterfaceOrientationPortrait UIInterfaceOrientationPortraitUpsideDown UIInterfaceOrientationLandscapeLeft UIInterfaceOrientationLandscapeRight";
				INFOPLIST_KEY_UISupportedInterfaceOrientations_iPhone = "UIInterfaceOrientationPortrait UIInterfaceOrientationLandscapeLeft UIInterfaceOrientationLandscapeRight";
				LD_RUNPATH_SEARCH_PATHS = (
					"$(inherited)",
					"@executable_path/Frameworks",
				);
				MARKETING_VERSION = 1.0;
				PRODUCT_BUNDLE_IDENTIFIER = com.sardana.apod;
				PRODUCT_NAME = "$(TARGET_NAME)";
				SWIFT_EMIT_LOC_STRINGS = YES;
				SWIFT_VERSION = 5.0;
				TARGETED_DEVICE_FAMILY = "1,2";
			};
			name = Release;
		};
/* End XCBuildConfiguration section */

/* Begin XCConfigurationList section */
		CDA7B1BC286CAF1700ACAC53 /* Build configuration list for PBXProject "apod" */ = {
			isa = XCConfigurationList;
			buildConfigurations = (
				CDA7B1D3286CAF1800ACAC53 /* Debug */,
				CDA7B1D4286CAF1800ACAC53 /* Release */,
			);
			defaultConfigurationIsVisible = 0;
			defaultConfigurationName = Release;
		};
		CDA7B1D5286CAF1800ACAC53 /* Build configuration list for PBXNativeTarget "apod" */ = {
			isa = XCConfigurationList;
			buildConfigurations = (
				CDA7B1D6286CAF1800ACAC53 /* Debug */,
				CDA7B1D7286CAF1800ACAC53 /* Release */,
			);
			defaultConfigurationIsVisible = 0;
			defaultConfigurationName = Release;
		};
/* End XCConfigurationList section */
	};
	rootObject = CDA7B1B9286CAF1700ACAC53 /* Project object */;
}
